# This file is automatically @generated by Cargo.
# It is not intended for manual editing.
version = 4

[[package]]
name = "geoalg"
version = "0.1.0"
dependencies = [
 "geoalg-core",
]

[[package]]
name = "geoalg-calculus"
version = "0.1.0"
dependencies = [
 "geoalg-core",
]

[[package]]
name = "geoalg-core"
version = "0.1.0"

[[package]]
name = "geoalg-graphics"
version = "0.1.0"
dependencies = [
 "geoalg-core",
]

[[package]]
name = "geoalg-robotics"
version = "0.1.0"
dependencies = [
 "geoalg-calculus",
 "geoalg-core",
]
